
Microsoft Visual Studio Solution File, Format Version 12.00
# Visual Studio Version 16
VisualStudioVersion = 16.0.31729.503
MinimumVisualStudioVersion = 10.0.40219.1
Project("{FAE04EC0-301F-11D3-BF4B-00C04F79EFBC}") = "LambdasAndCollecions", "LambdasAndCollecions.csproj", "{DDD6094A-1D9D-4F62-8CA5-9BEB0E878BA6}"
EndProject
Global
	GlobalSection(SolutionConfigurationPlatforms) = preSolution
		Debug|Any CPU = Debug|Any CPU
		Release|Any CPU = Release|Any CPU
	EndGlobalSection
	GlobalSection(ProjectConfigurationPlatforms) = postSolution
		{DDD6094A-1D9D-4F62-8CA5-9BEB0E878BA6}.Debug|Any CPU.ActiveCfg = Debug|Any CPU
		{DDD6094A-1D9D-4F62-8CA5-9BEB0E878BA6}.Debug|Any CPU.Build.0 = Debug|Any CPU
		{DDD6094A-1D9D-4F62-8CA5-9BEB0E878BA6}.Release|Any CPU.ActiveCfg = Release|Any CPU
		{DDD6094A-1D9D-4F62-8CA5-9BEB0E878BA6}.Release|Any CPU.Build.0 = Release|Any CPU
	EndGlobalSection
	GlobalSection(SolutionProperties) = preSolution
		HideSolutionNode = FALSE
	EndGlobalSection
	GlobalSection(ExtensibilityGlobals) = postSolution
		SolutionGuid = {123C7561-738E-433B-9571-A3DB1856EC97}
	EndGlobalSection
EndGlobal
