
Microsoft Visual Studio Solution File, Format Version 12.00
# Visual Studio Version 16
VisualStudioVersion = 16.0.31729.503
MinimumVisualStudioVersion = 10.0.40219.1
Project("{FAE04EC0-301F-11D3-BF4B-00C04F79EFBC}") = "FuncAction", "FuncAction.csproj", "{5AF930E0-7259-4998-9D18-8653E0EE4BA6}"
EndProject
Global
	GlobalSection(SolutionConfigurationPlatforms) = preSolution
		Debug|Any CPU = Debug|Any CPU
		Release|Any CPU = Release|Any CPU
	EndGlobalSection
	GlobalSection(ProjectConfigurationPlatforms) = postSolution
		{5AF930E0-7259-4998-9D18-8653E0EE4BA6}.Debug|Any CPU.ActiveCfg = Debug|Any CPU
		{5AF930E0-7259-4998-9D18-8653E0EE4BA6}.Debug|Any CPU.Build.0 = Debug|Any CPU
		{5AF930E0-7259-4998-9D18-8653E0EE4BA6}.Release|Any CPU.ActiveCfg = Release|Any CPU
		{5AF930E0-7259-4998-9D18-8653E0EE4BA6}.Release|Any CPU.Build.0 = Release|Any CPU
	EndGlobalSection
	GlobalSection(SolutionProperties) = preSolution
		HideSolutionNode = FALSE
	EndGlobalSection
	GlobalSection(ExtensibilityGlobals) = postSolution
		SolutionGuid = {7072CCB0-ABF3-4433-8340-C1751DAF9464}
	EndGlobalSection
EndGlobal
