
Microsoft Visual Studio Solution File, Format Version 12.00
# Visual Studio Version 16
VisualStudioVersion = 16.0.31729.503
MinimumVisualStudioVersion = 10.0.40219.1
Project("{FAE04EC0-301F-11D3-BF4B-00C04F79EFBC}") = "DelegatesAndLambdas", "DelegatesAndLambdas.csproj", "{3EB75F69-EBF0-4525-AC13-F3AF35903E5E}"
EndProject
Global
	GlobalSection(SolutionConfigurationPlatforms) = preSolution
		Debug|Any CPU = Debug|Any CPU
		Release|Any CPU = Release|Any CPU
	EndGlobalSection
	GlobalSection(ProjectConfigurationPlatforms) = postSolution
		{3EB75F69-EBF0-4525-AC13-F3AF35903E5E}.Debug|Any CPU.ActiveCfg = Debug|Any CPU
		{3EB75F69-EBF0-4525-AC13-F3AF35903E5E}.Debug|Any CPU.Build.0 = Debug|Any CPU
		{3EB75F69-EBF0-4525-AC13-F3AF35903E5E}.Release|Any CPU.ActiveCfg = Release|Any CPU
		{3EB75F69-EBF0-4525-AC13-F3AF35903E5E}.Release|Any CPU.Build.0 = Release|Any CPU
	EndGlobalSection
	GlobalSection(SolutionProperties) = preSolution
		HideSolutionNode = FALSE
	EndGlobalSection
	GlobalSection(ExtensibilityGlobals) = postSolution
		SolutionGuid = {64899F8F-136D-4A2C-9757-E62CE50B0A79}
	EndGlobalSection
EndGlobal
